
Microsoft Visual Studio Solution File, Format Version 12.00
# Visual Studio Version 17
VisualStudioVersion = 17.4.33110.190
MinimumVisualStudioVersion = 10.0.40219.1
Project("{FAE04EC0-301F-11D3-BF4B-00C04F79EFBC}") = "WindowsFormsApp1", "WindowsFormsApp1.csproj", "{1C351BD4-0A65-40DD-9415-8E69325AFA32}"
EndProject
Global
	GlobalSection(SolutionConfigurationPlatforms) = preSolution
		Debug|Any CPU = Debug|Any CPU
		Release|Any CPU = Release|Any CPU
	EndGlobalSection
	GlobalSection(ProjectConfigurationPlatforms) = postSolution
		{1C351BD4-0A65-40DD-9415-8E69325AFA32}.Debug|Any CPU.ActiveCfg = Debug|Any CPU
		{1C351BD4-0A65-40DD-9415-8E69325AFA32}.Debug|Any CPU.Build.0 = Debug|Any CPU
		{1C351BD4-0A65-40DD-9415-8E69325AFA32}.Release|Any CPU.ActiveCfg = Release|Any CPU
		{1C351BD4-0A65-40DD-9415-8E69325AFA32}.Release|Any CPU.Build.0 = Release|Any CPU
	EndGlobalSection
	GlobalSection(SolutionProperties) = preSolution
		HideSolutionNode = FALSE
	EndGlobalSection
	GlobalSection(ExtensibilityGlobals) = postSolution
		SolutionGuid = {25E39967-C6D0-427B-950E-F804D36EA480}
	EndGlobalSection
EndGlobal
